
Microsoft Visual Studio Solution File, Format Version 12.00
# Visual Studio Version 17
VisualStudioVersion = 17.0.31903.59
MinimumVisualStudioVersion = 10.0.40219.1
Project("{2150E333-8FDC-42A3-9474-1A3956D46DE8}") = "src", "src", "{827E0CD3-B72D-47B6-A68D-7590B98EB39B}"
EndProject
Project("{FAE04EC0-301F-11D3-BF4B-00C04F79EFBC}") = "FlowEngine.Domain", "src\FlowEngine.Domain\FlowEngine.Domain.csproj", "{B20B85FF-F273-448E-BDAD-37F2C97F0276}"
EndProject
Project("{FAE04EC0-301F-11D3-BF4B-00C04F79EFBC}") = "FlowEngine.Application", "src\FlowEngine.Application\FlowEngine.Application.csproj", "{F8DE62D1-679A-4218-B87C-732A91F89475}"
EndProject
Project("{FAE04EC0-301F-11D3-BF4B-00C04F79EFBC}") = "FlowEngine.Infrastructure", "src\FlowEngine.Infrastructure\FlowEngine.Infrastructure.csproj", "{631CB212-2F4E-4CC5-8095-A36135F2C5A0}"
EndProject
Project("{FAE04EC0-301F-11D3-BF4B-00C04F79EFBC}") = "FlowEngine.API", "src\FlowEngine.API\FlowEngine.API.csproj", "{6874746E-5161-4752-A9F1-4EA9BBD1A65D}"
EndProject
Project("{FAE04EC0-301F-11D3-BF4B-00C04F79EFBC}") = "FlowEngine.Worker", "src\FlowEngine.Worker\FlowEngine.Worker.csproj", "{B29CA321-6815-4412-A0D0-F349D7CC7B30}"
EndProject
Global
	GlobalSection(SolutionConfigurationPlatforms) = preSolution
		Debug|Any CPU = Debug|Any CPU
		Debug|x64 = Debug|x64
		Debug|x86 = Debug|x86
		Release|Any CPU = Release|Any CPU
		Release|x64 = Release|x64
		Release|x86 = Release|x86
	EndGlobalSection
	GlobalSection(ProjectConfigurationPlatforms) = postSolution
		{B20B85FF-F273-448E-BDAD-37F2C97F0276}.Debug|Any CPU.ActiveCfg = Debug|Any CPU
		{B20B85FF-F273-448E-BDAD-37F2C97F0276}.Debug|Any CPU.Build.0 = Debug|Any CPU
		{B20B85FF-F273-448E-BDAD-37F2C97F0276}.Debug|x64.ActiveCfg = Debug|Any CPU
		{B20B85FF-F273-448E-BDAD-37F2C97F0276}.Debug|x64.Build.0 = Debug|Any CPU
		{B20B85FF-F273-448E-BDAD-37F2C97F0276}.Debug|x86.ActiveCfg = Debug|Any CPU
		{B20B85FF-F273-448E-BDAD-37F2C97F0276}.Debug|x86.Build.0 = Debug|Any CPU
		{B20B85FF-F273-448E-BDAD-37F2C97F0276}.Release|Any CPU.ActiveCfg = Release|Any CPU
		{B20B85FF-F273-448E-BDAD-37F2C97F0276}.Release|Any CPU.Build.0 = Release|Any CPU
		{B20B85FF-F273-448E-BDAD-37F2C97F0276}.Release|x64.ActiveCfg = Release|Any CPU
		{B20B85FF-F273-448E-BDAD-37F2C97F0276}.Release|x64.Build.0 = Release|Any CPU
		{B20B85FF-F273-448E-BDAD-37F2C97F0276}.Release|x86.ActiveCfg = Release|Any CPU
		{B20B85FF-F273-448E-BDAD-37F2C97F0276}.Release|x86.Build.0 = Release|Any CPU
		{F8DE62D1-679A-4218-B87C-732A91F89475}.Debug|Any CPU.ActiveCfg = Debug|Any CPU
		{F8DE62D1-679A-4218-B87C-732A91F89475}.Debug|Any CPU.Build.0 = Debug|Any CPU
		{F8DE62D1-679A-4218-B87C-732A91F89475}.Debug|x64.ActiveCfg = Debug|Any CPU
		{F8DE62D1-679A-4218-B87C-732A91F89475}.Debug|x64.Build.0 = Debug|Any CPU
		{F8DE62D1-679A-4218-B87C-732A91F89475}.Debug|x86.ActiveCfg = Debug|Any CPU
		{F8DE62D1-679A-4218-B87C-732A91F89475}.Debug|x86.Build.0 = Debug|Any CPU
		{F8DE62D1-679A-4218-B87C-732A91F89475}.Release|Any CPU.ActiveCfg = Release|Any CPU
		{F8DE62D1-679A-4218-B87C-732A91F89475}.Release|Any CPU.Build.0 = Release|Any CPU
		{F8DE62D1-679A-4218-B87C-732A91F89475}.Release|x64.ActiveCfg = Release|Any CPU
		{F8DE62D1-679A-4218-B87C-732A91F89475}.Release|x64.Build.0 = Release|Any CPU
		{F8DE62D1-679A-4218-B87C-732A91F89475}.Release|x86.ActiveCfg = Release|Any CPU
		{F8DE62D1-679A-4218-B87C-732A91F89475}.Release|x86.Build.0 = Release|Any CPU
		{631CB212-2F4E-4CC5-8095-A36135F2C5A0}.Debug|Any CPU.ActiveCfg = Debug|Any CPU
		{631CB212-2F4E-4CC5-8095-A36135F2C5A0}.Debug|Any CPU.Build.0 = Debug|Any CPU
		{631CB212-2F4E-4CC5-8095-A36135F2C5A0}.Debug|x64.ActiveCfg = Debug|Any CPU
		{631CB212-2F4E-4CC5-8095-A36135F2C5A0}.Debug|x64.Build.0 = Debug|Any CPU
		{631CB212-2F4E-4CC5-8095-A36135F2C5A0}.Debug|x86.ActiveCfg = Debug|Any CPU
		{631CB212-2F4E-4CC5-8095-A36135F2C5A0}.Debug|x86.Build.0 = Debug|Any CPU
		{631CB212-2F4E-4CC5-8095-A36135F2C5A0}.Release|Any CPU.ActiveCfg = Release|Any CPU
		{631CB212-2F4E-4CC5-8095-A36135F2C5A0}.Release|Any CPU.Build.0 = Release|Any CPU
		{631CB212-2F4E-4CC5-8095-A36135F2C5A0}.Release|x64.ActiveCfg = Release|Any CPU
		{631CB212-2F4E-4CC5-8095-A36135F2C5A0}.Release|x64.Build.0 = Release|Any CPU
		{631CB212-2F4E-4CC5-8095-A36135F2C5A0}.Release|x86.ActiveCfg = Release|Any CPU
		{631CB212-2F4E-4CC5-8095-A36135F2C5A0}.Release|x86.Build.0 = Release|Any CPU
		{6874746E-5161-4752-A9F1-4EA9BBD1A65D}.Debug|Any CPU.ActiveCfg = Debug|Any CPU
		{6874746E-5161-4752-A9F1-4EA9BBD1A65D}.Debug|Any CPU.Build.0 = Debug|Any CPU
		{6874746E-5161-4752-A9F1-4EA9BBD1A65D}.Debug|x64.ActiveCfg = Debug|Any CPU
		{6874746E-5161-4752-A9F1-4EA9BBD1A65D}.Debug|x64.Build.0 = Debug|Any CPU
		{6874746E-5161-4752-A9F1-4EA9BBD1A65D}.Debug|x86.ActiveCfg = Debug|Any CPU
		{6874746E-5161-4752-A9F1-4EA9BBD1A65D}.Debug|x86.Build.0 = Debug|Any CPU
		{6874746E-5161-4752-A9F1-4EA9BBD1A65D}.Release|Any CPU.ActiveCfg = Release|Any CPU
		{6874746E-5161-4752-A9F1-4EA9BBD1A65D}.Release|Any CPU.Build.0 = Release|Any CPU
		{6874746E-5161-4752-A9F1-4EA9BBD1A65D}.Release|x64.ActiveCfg = Release|Any CPU
		{6874746E-5161-4752-A9F1-4EA9BBD1A65D}.Release|x64.Build.0 = Release|Any CPU
		{6874746E-5161-4752-A9F1-4EA9BBD1A65D}.Release|x86.ActiveCfg = Release|Any CPU
		{6874746E-5161-4752-A9F1-4EA9BBD1A65D}.Release|x86.Build.0 = Release|Any CPU
		{B29CA321-6815-4412-A0D0-F349D7CC7B30}.Debug|Any CPU.ActiveCfg = Debug|Any CPU
		{B29CA321-6815-4412-A0D0-F349D7CC7B30}.Debug|Any CPU.Build.0 = Debug|Any CPU
		{B29CA321-6815-4412-A0D0-F349D7CC7B30}.Debug|x64.ActiveCfg = Debug|Any CPU
		{B29CA321-6815-4412-A0D0-F349D7CC7B30}.Debug|x64.Build.0 = Debug|Any CPU
		{B29CA321-6815-4412-A0D0-F349D7CC7B30}.Debug|x86.ActiveCfg = Debug|Any CPU
		{B29CA321-6815-4412-A0D0-F349D7CC7B30}.Debug|x86.Build.0 = Debug|Any CPU
		{B29CA321-6815-4412-A0D0-F349D7CC7B30}.Release|Any CPU.ActiveCfg = Release|Any CPU
		{B29CA321-6815-4412-A0D0-F349D7CC7B30}.Release|Any CPU.Build.0 = Release|Any CPU
		{B29CA321-6815-4412-A0D0-F349D7CC7B30}.Release|x64.ActiveCfg = Release|Any CPU
		{B29CA321-6815-4412-A0D0-F349D7CC7B30}.Release|x64.Build.0 = Release|Any CPU
		{B29CA321-6815-4412-A0D0-F349D7CC7B30}.Release|x86.ActiveCfg = Release|Any CPU
		{B29CA321-6815-4412-A0D0-F349D7CC7B30}.Release|x86.Build.0 = Release|Any CPU
	EndGlobalSection
	GlobalSection(SolutionProperties) = preSolution
		HideSolutionNode = FALSE
	EndGlobalSection
	GlobalSection(NestedProjects) = preSolution
		{B20B85FF-F273-448E-BDAD-37F2C97F0276} = {827E0CD3-B72D-47B6-A68D-7590B98EB39B}
		{F8DE62D1-679A-4218-B87C-732A91F89475} = {827E0CD3-B72D-47B6-A68D-7590B98EB39B}
		{631CB212-2F4E-4CC5-8095-A36135F2C5A0} = {827E0CD3-B72D-47B6-A68D-7590B98EB39B}
		{6874746E-5161-4752-A9F1-4EA9BBD1A65D} = {827E0CD3-B72D-47B6-A68D-7590B98EB39B}
		{B29CA321-6815-4412-A0D0-F349D7CC7B30} = {827E0CD3-B72D-47B6-A68D-7590B98EB39B}
	EndGlobalSection
EndGlobal
